
Microsoft Visual Studio Solution File, Format Version 12.00
# Visual Studio Version 17
VisualStudioVersion = 17.9.34616.47
MinimumVisualStudioVersion = 10.0.40219.1
Project("{FAE04EC0-301F-11D3-BF4B-00C04F79EFBC}") = "FormAPI", "FormAPI.csproj", "{CBDBA64B-A879-4078-BEEF-26EB1DB2BF40}"
EndProject
Global
	GlobalSection(SolutionConfigurationPlatforms) = preSolution
		Debug|Any CPU = Debug|Any CPU
		Release|Any CPU = Release|Any CPU
	EndGlobalSection
	GlobalSection(ProjectConfigurationPlatforms) = postSolution
		{CBDBA64B-A879-4078-BEEF-26EB1DB2BF40}.Debug|Any CPU.ActiveCfg = Debug|Any CPU
		{CBDBA64B-A879-4078-BEEF-26EB1DB2BF40}.Debug|Any CPU.Build.0 = Debug|Any CPU
		{CBDBA64B-A879-4078-BEEF-26EB1DB2BF40}.Release|Any CPU.ActiveCfg = Release|Any CPU
		{CBDBA64B-A879-4078-BEEF-26EB1DB2BF40}.Release|Any CPU.Build.0 = Release|Any CPU
	EndGlobalSection
	GlobalSection(SolutionProperties) = preSolution
		HideSolutionNode = FALSE
	EndGlobalSection
	GlobalSection(ExtensibilityGlobals) = postSolution
		SolutionGuid = {767B3C05-6876-47E1-8BDF-E847998665E6}
	EndGlobalSection
EndGlobal
